PODS:
  - FBSnapshotTestCase (2.1.4):
    - FBSnapshotTestCase/SwiftSupport (= 2.1.4)
  - FBSnapshotTestCase/Core (2.1.4)
  - FBSnapshotTestCase/SwiftSupport (2.1.4):
    - FBSnapshotTestCase/Core
  - QCNetworking (0.1.0)

DEPENDENCIES:
  - FBSnapshotTestCase
  - QCNetworking (from `../`)

SPEC REPOS:
  trunk:
    - FBSnapshotTestCase

EXTERNAL SOURCES:
  QCNetworking:
    :path: "../"

SPEC CHECKSUMS:
  FBSnapshotTestCase: 094f9f314decbabe373b87cc339bea235a63e07a
  QCNetworking: e126adf2e3b6a11dca974da553e78a7947e3e68c

PODFILE CHECKSUM: bf7e47d520abccb496f3d166c4076804c1519640

COCOAPODS: 1.9.3
